
Microsoft Visual Studio Solution File, Format Version 12.00
# Visual Studio Version 16
VisualStudioVersion = 16.0.31624.102
MinimumVisualStudioVersion = 10.0.40219.1
Project("{9A19103F-16F7-4668-BE54-9A1E7A4F7556}") = "2.Eksamensprojekt", "2.Eksamensprojekt\2.Eksamensprojekt.csproj", "{A523334A-07AF-46ED-861A-96897D5AF2E5}"
EndProject
Project("{9A19103F-16F7-4668-BE54-9A1E7A4F7556}") = "SuperBookerData", "SuperBookerData\SuperBookerData.csproj", "{18C02FF7-64CE-4649-B6B4-0C6BE038DBC9}"
EndProject
Global
	GlobalSection(SolutionConfigurationPlatforms) = preSolution
		Debug|Any CPU = Debug|Any CPU
		Release|Any CPU = Release|Any CPU
	EndGlobalSection
	GlobalSection(ProjectConfigurationPlatforms) = postSolution
		{A523334A-07AF-46ED-861A-96897D5AF2E5}.Debug|Any CPU.ActiveCfg = Debug|Any CPU
		{A523334A-07AF-46ED-861A-96897D5AF2E5}.Debug|Any CPU.Build.0 = Debug|Any CPU
		{A523334A-07AF-46ED-861A-96897D5AF2E5}.Release|Any CPU.ActiveCfg = Release|Any CPU
		{A523334A-07AF-46ED-861A-96897D5AF2E5}.Release|Any CPU.Build.0 = Release|Any CPU
		{18C02FF7-64CE-4649-B6B4-0C6BE038DBC9}.Debug|Any CPU.ActiveCfg = Debug|Any CPU
		{18C02FF7-64CE-4649-B6B4-0C6BE038DBC9}.Debug|Any CPU.Build.0 = Debug|Any CPU
		{18C02FF7-64CE-4649-B6B4-0C6BE038DBC9}.Release|Any CPU.ActiveCfg = Release|Any CPU
		{18C02FF7-64CE-4649-B6B4-0C6BE038DBC9}.Release|Any CPU.Build.0 = Release|Any CPU
	EndGlobalSection
	GlobalSection(SolutionProperties) = preSolution
		HideSolutionNode = FALSE
	EndGlobalSection
	GlobalSection(ExtensibilityGlobals) = postSolution
		SolutionGuid = {278E9360-F634-4144-909D-D142E9B9B379}
	EndGlobalSection
EndGlobal
